
Microsoft Visual Studio Solution File, Format Version 12.00
# Visual Studio Version 16
VisualStudioVersion = 16.0.30002.166
MinimumVisualStudioVersion = 10.0.40219.1
Project("{FAE04EC0-301F-11D3-BF4B-00C04F79EFBC}") = "game of life", "game of life.csproj", "{CD061844-749C-4792-BA95-014F594F2A58}"
EndProject
Global
	GlobalSection(SolutionConfigurationPlatforms) = preSolution
		Debug|Any CPU = Debug|Any CPU
		Release|Any CPU = Release|Any CPU
	EndGlobalSection
	GlobalSection(ProjectConfigurationPlatforms) = postSolution
		{CD061844-749C-4792-BA95-014F594F2A58}.Debug|Any CPU.ActiveCfg = Debug|Any CPU
		{CD061844-749C-4792-BA95-014F594F2A58}.Debug|Any CPU.Build.0 = Debug|Any CPU
		{CD061844-749C-4792-BA95-014F594F2A58}.Release|Any CPU.ActiveCfg = Release|Any CPU
		{CD061844-749C-4792-BA95-014F594F2A58}.Release|Any CPU.Build.0 = Release|Any CPU
	EndGlobalSection
	GlobalSection(SolutionProperties) = preSolution
		HideSolutionNode = FALSE
	EndGlobalSection
	GlobalSection(ExtensibilityGlobals) = postSolution
		SolutionGuid = {6241476B-11F1-48A6-B53B-F4378B11CBB0}
	EndGlobalSection
EndGlobal
