
Microsoft Visual Studio Solution File, Format Version 12.00
# Visual Studio Version 16
VisualStudioVersion = 16.0.29709.97
MinimumVisualStudioVersion = 10.0.40219.1
Project("{FAE04EC0-301F-11D3-BF4B-00C04F79EFBC}") = "Pruebas de IA imagen", "Pruebas de IA imagen.csproj", "{1ADF84F2-E2F5-4CAB-8978-BE30957A2470}"
EndProject
Global
	GlobalSection(SolutionConfigurationPlatforms) = preSolution
		Debug|Any CPU = Debug|Any CPU
		Release|Any CPU = Release|Any CPU
	EndGlobalSection
	GlobalSection(ProjectConfigurationPlatforms) = postSolution
		{1ADF84F2-E2F5-4CAB-8978-BE30957A2470}.Debug|Any CPU.ActiveCfg = Debug|Any CPU
		{1ADF84F2-E2F5-4CAB-8978-BE30957A2470}.Debug|Any CPU.Build.0 = Debug|Any CPU
		{1ADF84F2-E2F5-4CAB-8978-BE30957A2470}.Release|Any CPU.ActiveCfg = Release|Any CPU
		{1ADF84F2-E2F5-4CAB-8978-BE30957A2470}.Release|Any CPU.Build.0 = Release|Any CPU
	EndGlobalSection
	GlobalSection(SolutionProperties) = preSolution
		HideSolutionNode = FALSE
	EndGlobalSection
	GlobalSection(ExtensibilityGlobals) = postSolution
		SolutionGuid = {82C33567-8FCC-46F4-8EE7-8FA31F4C9A3C}
	EndGlobalSection
EndGlobal
